{
  "name": "miniprogram",
  "version": "1.0.0",
  "lockfileVersion": 1,
  "requires": true,
  "dependencies": {
    "mina-lazy-image": {
      "version": "2.0.1",
      "resolved": "https://registry.npm.taobao.org/mina-lazy-image/download/mina-lazy-image-2.0.1.tgz",
      "integrity": "sha1-lBD92Xr+6Vp+bTuF0pti8rnMR+c="
    }
  }
}
